
Microsoft Visual Studio Solution File, Format Version 12.00
# Visual Studio Version 17
VisualStudioVersion = 17.4.33205.214
MinimumVisualStudioVersion = 10.0.40219.1
Project("{9A19103F-16F7-4668-BE54-9A1E7A4F7556}") = "Sevost.AvitoBotAPI", "Sevost.AvitoBotAPI\Sevost.AvitoBotAPI.csproj", "{0E818E11-4C14-4FBA-B0C8-DDCC8CA5EDAC}"
EndProject
Project("{9A19103F-16F7-4668-BE54-9A1E7A4F7556}") = "AvitoBot.Core", "Sevost.MusicInstrumentAvitoBotLib\AvitoBot.Core.csproj", "{A9E10D34-762E-440F-A9ED-51B473BA82AB}"
EndProject
Project("{FAE04EC0-301F-11D3-BF4B-00C04F79EFBC}") = "AvitoBot.Database", "AvitoBot.Database\AvitoBot.Database.csproj", "{3FD44DB8-6A44-4D8F-963C-5F687C6A026E}"
EndProject
Global
	GlobalSection(SolutionConfigurationPlatforms) = preSolution
		Debug|Any CPU = Debug|Any CPU
		Release|Any CPU = Release|Any CPU
	EndGlobalSection
	GlobalSection(ProjectConfigurationPlatforms) = postSolution
		{0E818E11-4C14-4FBA-B0C8-DDCC8CA5EDAC}.Debug|Any CPU.ActiveCfg = Debug|Any CPU
		{0E818E11-4C14-4FBA-B0C8-DDCC8CA5EDAC}.Debug|Any CPU.Build.0 = Debug|Any CPU
		{0E818E11-4C14-4FBA-B0C8-DDCC8CA5EDAC}.Release|Any CPU.ActiveCfg = Release|Any CPU
		{0E818E11-4C14-4FBA-B0C8-DDCC8CA5EDAC}.Release|Any CPU.Build.0 = Release|Any CPU
		{A9E10D34-762E-440F-A9ED-51B473BA82AB}.Debug|Any CPU.ActiveCfg = Debug|Any CPU
		{A9E10D34-762E-440F-A9ED-51B473BA82AB}.Debug|Any CPU.Build.0 = Debug|Any CPU
		{A9E10D34-762E-440F-A9ED-51B473BA82AB}.Release|Any CPU.ActiveCfg = Release|Any CPU
		{A9E10D34-762E-440F-A9ED-51B473BA82AB}.Release|Any CPU.Build.0 = Release|Any CPU
		{3FD44DB8-6A44-4D8F-963C-5F687C6A026E}.Debug|Any CPU.ActiveCfg = Debug|Any CPU
		{3FD44DB8-6A44-4D8F-963C-5F687C6A026E}.Debug|Any CPU.Build.0 = Debug|Any CPU
		{3FD44DB8-6A44-4D8F-963C-5F687C6A026E}.Release|Any CPU.ActiveCfg = Release|Any CPU
		{3FD44DB8-6A44-4D8F-963C-5F687C6A026E}.Release|Any CPU.Build.0 = Release|Any CPU
	EndGlobalSection
	GlobalSection(SolutionProperties) = preSolution
		HideSolutionNode = FALSE
	EndGlobalSection
	GlobalSection(ExtensibilityGlobals) = postSolution
		SolutionGuid = {35A04518-6AB0-4A66-9BB0-968735C2F22F}
	EndGlobalSection
EndGlobal
